
Microsoft Visual Studio Solution File, Format Version 12.00
# Visual Studio Version 17
VisualStudioVersion = 17.0.31919.166
MinimumVisualStudioVersion = 10.0.40219.1
Project("{FAE04EC0-301F-11D3-BF4B-00C04F79EFBC}") = "YuDa.DeviceClient", "YuDa.DeviceClient\YuDa.DeviceClient.csproj", "{AC7D5FB9-2C04-4DFE-AF12-3EE255350729}"
EndProject
Project("{FAE04EC0-301F-11D3-BF4B-00C04F79EFBC}") = "EASkins", "EASkins\EASkins.csproj", "{42E7AE2F-91E7-4031-BAB5-7E74373B1D11}"
EndProject
Global
	GlobalSection(SolutionConfigurationPlatforms) = preSolution
		Debug|Any CPU = Debug|Any CPU
		Debug|x64 = Debug|x64
		Debug|x86 = Debug|x86
		Release|Any CPU = Release|Any CPU
		Release|x64 = Release|x64
		Release|x86 = Release|x86
	EndGlobalSection
	GlobalSection(ProjectConfigurationPlatforms) = postSolution
		{AC7D5FB9-2C04-4DFE-AF12-3EE255350729}.Debug|Any CPU.ActiveCfg = Debug|Any CPU
		{AC7D5FB9-2C04-4DFE-AF12-3EE255350729}.Debug|Any CPU.Build.0 = Debug|Any CPU
		{AC7D5FB9-2C04-4DFE-AF12-3EE255350729}.Debug|x64.ActiveCfg = Debug|Any CPU
		{AC7D5FB9-2C04-4DFE-AF12-3EE255350729}.Debug|x86.ActiveCfg = Debug|Any CPU
		{AC7D5FB9-2C04-4DFE-AF12-3EE255350729}.Release|Any CPU.ActiveCfg = Release|Any CPU
		{AC7D5FB9-2C04-4DFE-AF12-3EE255350729}.Release|Any CPU.Build.0 = Release|Any CPU
		{AC7D5FB9-2C04-4DFE-AF12-3EE255350729}.Release|x64.ActiveCfg = Release|Any CPU
		{AC7D5FB9-2C04-4DFE-AF12-3EE255350729}.Release|x86.ActiveCfg = Release|x86
		{42E7AE2F-91E7-4031-BAB5-7E74373B1D11}.Debug|Any CPU.ActiveCfg = Debug|Any CPU
		{42E7AE2F-91E7-4031-BAB5-7E74373B1D11}.Debug|Any CPU.Build.0 = Debug|Any CPU
		{42E7AE2F-91E7-4031-BAB5-7E74373B1D11}.Debug|x64.ActiveCfg = Debug|Any CPU
		{42E7AE2F-91E7-4031-BAB5-7E74373B1D11}.Debug|x86.ActiveCfg = Debug|Any CPU
		{42E7AE2F-91E7-4031-BAB5-7E74373B1D11}.Debug|x86.Build.0 = Debug|Any CPU
		{42E7AE2F-91E7-4031-BAB5-7E74373B1D11}.Release|Any CPU.ActiveCfg = Release|Any CPU
		{42E7AE2F-91E7-4031-BAB5-7E74373B1D11}.Release|Any CPU.Build.0 = Release|Any CPU
		{42E7AE2F-91E7-4031-BAB5-7E74373B1D11}.Release|x64.ActiveCfg = Release|Any CPU
		{42E7AE2F-91E7-4031-BAB5-7E74373B1D11}.Release|x86.ActiveCfg = Release|x86
		{42E7AE2F-91E7-4031-BAB5-7E74373B1D11}.Release|x86.Build.0 = Release|x86
	EndGlobalSection
	GlobalSection(SolutionProperties) = preSolution
		HideSolutionNode = FALSE
	EndGlobalSection
	GlobalSection(ExtensibilityGlobals) = postSolution
		SolutionGuid = {AE49E05E-A9E3-49EF-ACDD-87F0B96FFFF9}
	EndGlobalSection
EndGlobal
